{
  "name": "start-app.web",
  "version": "0.0.0",
  "lockfileVersion": 1,
  "requires": true,
  "dependencies": {
    "@angular-devkit/core": {
      "version": "11.0.1",
      "resolved": "https://registry.npmjs.org/@angular-devkit/core/-/core-11.0.1.tgz",
      "integrity": "sha512-ui3g7w/0SpU9oq8uwN9upR8Y1eOXZ+P2p3NyDydBrR7ZEfEkRLS1mhozN/ib8farrwK5N3kIIJxMb5t3187Hng==",
      "requires": {
        "ajv": "6.12.6",
        "fast-json-stable-stringify": "2.1.0",
        "magic-string": "0.25.7",
        "rxjs": "6.6.3",
        "source-map": "0.7.3"
      },
      "dependencies": {
        "rxjs": {
          "version": "6.6.3",
          "resolved": "https://registry.npmjs.org/rxjs/-/rxjs-6.6.3.tgz",
          "integrity": "sha512-trsQc+xYYXZ3urjOiJOuCOa5N3jAZ3eiSpQB5hIT8zGlL2QfnHLJ2r7GMkBGuIausdJN1OneaI6gQlsqNHHmZQ==",
          "requires": {
            "tslib": "^1.9.0"
          }
        },
        "tslib": {
          "version": "1.14.1",
          "resolved": "https://registry.npmjs.org/tslib/-/tslib-1.14.1.tgz",
          "integrity": "sha512-Xni35NKzjgMrwevysHTCArtLDpPvye8zV/0E4EyYn43P7/7qvQwPh9BGkHewbMulVntbigmcT7rdX3BNo9wRJg=="
        }
      }
    },
    "@angular-devkit/schematics": {
      "version": "11.0.1",
      "resolved": "https://registry.npmjs.org/@angular-devkit/schematics/-/schematics-11.0.1.tgz",
      "integrity": "sha512-rAOnAndcybEH398xf5wzmcUPCoCi0dKiOo/+1dkKU5aTxynw1OUnANt5K6A+ZZTGnJmfjtP0ovkZGYun9IUDxQ==",
      "requires": {
        "@angular-devkit/core": "11.0.1",
        "ora": "5.1.0",
        "rxjs": "6.6.3"
      },
      "dependencies": {
        "rxjs": {
          "version": "6.6.3",
          "resolved": "https://registry.npmjs.org/rxjs/-/rxjs-6.6.3.tgz",
          "integrity": "sha512-trsQc+xYYXZ3urjOiJOuCOa5N3jAZ3eiSpQB5hIT8zGlL2QfnHLJ2r7GMkBGuIausdJN1OneaI6gQlsqNHHmZQ==",
          "requires": {
            "tslib": "^1.9.0"
          }
        },
        "tslib": {
          "version": "1.14.1",
          "resolved": "https://registry.npmjs.org/tslib/-/tslib-1.14.1.tgz",
          "integrity": "sha512-Xni35NKzjgMrwevysHTCArtLDpPvye8zV/0E4EyYn43P7/7qvQwPh9BGkHewbMulVntbigmcT7rdX3BNo9wRJg=="
        }
      }
    },
    "@angular/animations": {
      "version": "11.0.0",
      "resolved": "https://registry.npmjs.org/@angular/animations/-/animations-11.0.0.tgz",
      "integrity": "sha512-RGaAnZOI73bPnNWrJq/p8sc+hpUBhScq139M6r4qQjQPsPahazL6v6hHAgRhZNemqw164d1oE4K/22O/i0E3Tw==",
      "requires": {
        "tslib": "^2.0.0"
      }
    },
    "@angular/cdk": {
      "version": "10.2.7",
      "resolved": "https://registry.npmjs.org/@angular/cdk/-/cdk-10.2.7.tgz",
      "integrity": "sha512-ZQjDfTRTn7JuAKsf3jiIdU2XBaxxGBi/ZWYv5Pb3HCl6B4PISsIE5VWRhkoUogoAB0MiFHpjnWeIqknJEm11YQ==",
      "requires": {
        "parse5": "^5.0.0",
        "tslib": "^2.0.0"
      }
    },
    "@angular/common": {
      "version": "11.0.0",
      "resolved": "https://registry.npmjs.org/@angular/common/-/common-11.0.0.tgz",
      "integrity": "sha512-chlbtxR7jpPs3Rc1ymdp3UfUzqEr57OFIxVMG6hROODclPQQk/7oOHdQB4hpUObaF9y4ZTLeKHKWiR/twi21Pg==",
      "requires": {
        "tslib": "^2.0.0"
      }
    },
    "@angular/compiler": {
      "version": "11.0.0",
      "resolved": "https://registry.npmjs.org/@angular/compiler/-/compiler-11.0.0.tgz",
      "integrity": "sha512-I7wVhdqvhtBTQTtW61z0lwPb1LiQQ0NOwjsbfN5sAc7/uwxw7em+Kyb/XJgBwgaTKtAL8bZEzdoQGLdsSKQF2g==",
      "requires": {
        "tslib": "^2.0.0"
      }
    },
    "@angular/core": {
      "version": "11.0.0",
      "resolved": "https://registry.npmjs.org/@angular/core/-/core-11.0.0.tgz",
      "integrity": "sha512-FNewyMwYy+kGdw1xWfrtaPD2cSQs3kDVFbl8mNMSzp933W5yMsHDvjXb0+nPFqEb8ywEIdm3MsBMK0y3iBWZQw==",
      "requires": {
        "tslib": "^2.0.0"
      }
    },
    "@angular/forms": {
      "version": "11.0.0",
      "resolved": "https://registry.npmjs.org/@angular/forms/-/forms-11.0.0.tgz",
      "integrity": "sha512-hP6GF1ZkxKQp7Y+EVbEe9PPDQPrUQNdfVxphCWQYwu3tm8+tn1r91KVXkp2MA3M4Fh6Xo2HQEU2d+VXv4w0iNQ==",
      "requires": {
        "tslib": "^2.0.0"
      }
    },
    "@angular/material": {
      "version": "10.2.7",
      "resolved": "https://registry.npmjs.org/@angular/material/-/material-10.2.7.tgz",
      "integrity": "sha512-uk6JkRrKHaM9VFMzX7pWC83YNLVgXPB3D8U1yjSOafCdWwrRZgUHGr8MPlSILCr3o2nxgg5SsKdWcWwHuXXUZA==",
      "requires": {
        "tslib": "^2.0.0"
      }
    },
    "@angular/platform-browser": {
      "version": "11.0.0",
      "resolved": "https://registry.npmjs.org/@angular/platform-browser/-/platform-browser-11.0.0.tgz",
      "integrity": "sha512-p8sF6JfaBI+YyLpp5OSg6UcCqjtLKRR+Otq1P/tro5SuxrsrBNRVU8j0tl/crkScsMwAvgmJ1joRyUKdI2mUGQ==",
      "requires": {
        "tslib": "^2.0.0"
      }
    },
    "@angular/platform-browser-dynamic": {
      "version": "11.0.0",
      "resolved": "https://registry.npmjs.org/@angular/platform-browser-dynamic/-/platform-browser-dynamic-11.0.0.tgz",
      "integrity": "sha512-NAmKGhHK+tl7dr/Hcqxvr/813Opec3Mv0IRwIgmKdlpZd7qAwT/mw4RnO4YPSEoDOM6hqGt7GdlWrSDX802duQ==",
      "requires": {
        "tslib": "^2.0.0"
      }
    },
    "@angular/router": {
      "version": "11.0.0",
      "resolved": "https://registry.npmjs.org/@angular/router/-/router-11.0.0.tgz",
      "integrity": "sha512-10ZeobfK3HqVeWS6zjdKU16ccxFtdCHkxT11bnFg3Jwq9vKt+LI5KitAkCI5rYTY3DRfVzasRkqBzZfZMkbftw==",
      "requires": {
        "tslib": "^2.0.0"
      }
    },
    "@popperjs/core": {
      "version": "2.5.4",
      "resolved": "https://registry.npmjs.org/@popperjs/core/-/core-2.5.4.tgz",
      "integrity": "sha512-ZpKr+WTb8zsajqgDkvCEWgp6d5eJT6Q63Ng2neTbzBO76Lbe91vX/iVIW9dikq+Fs3yEo+ls4cxeXABD2LtcbQ=="
    },
    "ajv": {
      "version": "6.12.6",
      "resolved": "https://registry.npmjs.org/ajv/-/ajv-6.12.6.tgz",
      "integrity": "sha512-j3fVLgvTo527anyYyJOGTYJbG+vnnQYvE0m5mmkc1TK+nxAppkCLMIL0aZ4dblVCNoGShhm+kzE4ZUykBoMg4g==",
      "requires": {
        "fast-deep-equal": "^3.1.1",
        "fast-json-stable-stringify": "^2.0.0",
        "json-schema-traverse": "^0.4.1",
        "uri-js": "^4.2.2"
      }
    },
    "ansi-regex": {
      "version": "5.0.0",
      "resolved": "https://registry.npmjs.org/ansi-regex/-/ansi-regex-5.0.0.tgz",
      "integrity": "sha512-bY6fj56OUQ0hU1KjFNDQuJFezqKdrAyFdIevADiqrWHwSlbmBNMHp5ak2f40Pm8JTFyM2mqxkG6ngkHO11f/lg=="
    },
    "ansi-styles": {
      "version": "4.3.0",
      "resolved": "https://registry.npmjs.org/ansi-styles/-/ansi-styles-4.3.0.tgz",
      "integrity": "sha512-zbB9rCJAT1rbjiVDb2hqKFHNYLxgtk8NURxZ3IZwD3F6NtxbXZQCnnSi1Lkx+IDohdPlFp222wVALIheZJQSEg==",
      "requires": {
        "color-convert": "^2.0.1"
      }
    },
    "aspnet-prerendering": {
      "version": "3.0.1",
      "resolved": "https://registry.npmjs.org/aspnet-prerendering/-/aspnet-prerendering-3.0.1.tgz",
      "integrity": "sha1-C252e0nkJeHT1ZYR+sgMnG9bAQA=",
      "requires": {
        "domain-task": "^3.0.0"
      }
    },
    "bootstrap": {
      "version": "4.5.3",
      "resolved": "https://registry.npmjs.org/bootstrap/-/bootstrap-4.5.3.tgz",
      "integrity": "sha512-o9ppKQioXGqhw8Z7mah6KdTYpNQY//tipnkxppWhPbiSWdD+1raYsnhwEZjkTHYbGee4cVQ0Rx65EhOY/HNLcQ=="
    },
    "chalk": {
      "version": "4.1.0",
      "resolved": "https://registry.npmjs.org/chalk/-/chalk-4.1.0.tgz",
      "integrity": "sha512-qwx12AxXe2Q5xQ43Ac//I6v5aXTipYrSESdOgzrN+9XjgEpyjpKuvSGaN4qE93f7TQTlerQQ8S+EQ0EyDoVL1A==",
      "requires": {
        "ansi-styles": "^4.1.0",
        "supports-color": "^7.1.0"
      }
    },
    "cli-cursor": {
      "version": "3.1.0",
      "resolved": "https://registry.npmjs.org/cli-cursor/-/cli-cursor-3.1.0.tgz",
      "integrity": "sha512-I/zHAwsKf9FqGoXM4WWRACob9+SNukZTd94DWF57E4toouRulbCxcUh6RKUEOQlYTHJnzkPMySvPNaaSLNfLZw==",
      "requires": {
        "restore-cursor": "^3.1.0"
      }
    },
    "cli-spinners": {
      "version": "2.5.0",
      "resolved": "https://registry.npmjs.org/cli-spinners/-/cli-spinners-2.5.0.tgz",
      "integrity": "sha512-PC+AmIuK04E6aeSs/pUccSujsTzBhu4HzC2dL+CfJB/Jcc2qTRbEwZQDfIUpt2Xl8BodYBEq8w4fc0kU2I9DjQ=="
    },
    "clone": {
      "version": "1.0.4",
      "resolved": "https://registry.npmjs.org/clone/-/clone-1.0.4.tgz",
      "integrity": "sha1-2jCcwmPfFZlMaIypAheco8fNfH4="
    },
    "color-convert": {
      "version": "2.0.1",
      "resolved": "https://registry.npmjs.org/color-convert/-/color-convert-2.0.1.tgz",
      "integrity": "sha512-RRECPsj7iu/xb5oKYcsFHSppFNnsj/52OVTRKb4zP5onXwVF3zVmmToNcOfGC+CRDpfK/U584fMg38ZHCaElKQ==",
      "requires": {
        "color-name": "~1.1.4"
      }
    },
    "color-name": {
      "version": "1.1.4",
      "resolved": "https://registry.npmjs.org/color-name/-/color-name-1.1.4.tgz",
      "integrity": "sha512-dOy+3AuW3a2wNbZHIuMZpTcgjGuLU/uBL/ubcZF9OXbDo8ff4O8yVp5Bf0efS8uEoYo5q4Fx7dY9OgQGXgAsQA=="
    },
    "defaults": {
      "version": "1.0.3",
      "resolved": "https://registry.npmjs.org/defaults/-/defaults-1.0.3.tgz",
      "integrity": "sha1-xlYFHpgX2f8I7YgUd/P+QBnz730=",
      "requires": {
        "clone": "^1.0.2"
      }
    },
    "domain-context": {
      "version": "0.5.1",
      "resolved": "https://registry.npmjs.org/domain-context/-/domain-context-0.5.1.tgz",
      "integrity": "sha1-MhxmpBBVmHUHsjlqzF8E5T+5l8Q="
    },
    "domain-task": {
      "version": "3.0.3",
      "resolved": "https://registry.npmjs.org/domain-task/-/domain-task-3.0.3.tgz",
      "integrity": "sha1-T+fXQ5rP55LWm/jmv6ax41aGLUU=",
      "requires": {
        "domain-context": "^0.5.1",
        "is-absolute-url": "^2.1.0",
        "isomorphic-fetch": "^2.2.1"
      }
    },
    "encoding": {
      "version": "0.1.13",
      "resolved": "https://registry.npmjs.org/encoding/-/encoding-0.1.13.tgz",
      "integrity": "sha512-ETBauow1T35Y/WZMkio9jiM0Z5xjHHmJ4XmjZOq1l/dXz3lr2sRn87nJy20RupqSh1F2m3HHPSp8ShIPQJrJ3A==",
      "requires": {
        "iconv-lite": "^0.6.2"
      }
    },
    "fast-deep-equal": {
      "version": "3.1.3",
      "resolved": "https://registry.npmjs.org/fast-deep-equal/-/fast-deep-equal-3.1.3.tgz",
      "integrity": "sha512-f3qQ9oQy9j2AhBe/H9VC91wLmKBCCU/gDOnKNAYG5hswO7BLKj09Hc5HYNz9cGI++xlpDCIgDaitVs03ATR84Q=="
    },
    "fast-json-stable-stringify": {
      "version": "2.1.0",
      "resolved": "https://registry.npmjs.org/fast-json-stable-stringify/-/fast-json-stable-stringify-2.1.0.tgz",
      "integrity": "sha512-lhd/wF+Lk98HZoTCtlVraHtfh5XYijIjalXck7saUtuanSDyLMxnHhSXEDJqHxD7msR8D0uCmqlkwjCV8xvwHw=="
    },
    "has-flag": {
      "version": "4.0.0",
      "resolved": "https://registry.npmjs.org/has-flag/-/has-flag-4.0.0.tgz",
      "integrity": "sha512-EykJT/Q1KjTWctppgIAgfSO0tKVuZUjhgMr17kqTumMl6Afv3EISleU7qZUzoXDFTAHTDC4NOoG/ZxU3EvlMPQ=="
    },
    "iconv-lite": {
      "version": "0.6.2",
      "resolved": "https://registry.npmjs.org/iconv-lite/-/iconv-lite-0.6.2.tgz",
      "integrity": "sha512-2y91h5OpQlolefMPmUlivelittSWy0rP+oYVpn6A7GwVHNE8AWzoYOBNmlwks3LobaJxgHCYZAnyNo2GgpNRNQ==",
      "requires": {
        "safer-buffer": ">= 2.1.2 < 3.0.0"
      }
    },
    "is-absolute-url": {
      "version": "2.1.0",
      "resolved": "https://registry.npmjs.org/is-absolute-url/-/is-absolute-url-2.1.0.tgz",
      "integrity": "sha1-UFMN+4T8yap9vnhS6Do3uTufKqY="
    },
    "is-interactive": {
      "version": "1.0.0",
      "resolved": "https://registry.npmjs.org/is-interactive/-/is-interactive-1.0.0.tgz",
      "integrity": "sha512-2HvIEKRoqS62guEC+qBjpvRubdX910WCMuJTZ+I9yvqKU2/12eSL549HMwtabb4oupdj2sMP50k+XJfB/8JE6w=="
    },
    "is-stream": {
      "version": "1.1.0",
      "resolved": "https://registry.npmjs.org/is-stream/-/is-stream-1.1.0.tgz",
      "integrity": "sha1-EtSj3U5o4Lec6428hBc66A2RykQ="
    },
    "isomorphic-fetch": {
      "version": "2.2.1",
      "resolved": "https://registry.npmjs.org/isomorphic-fetch/-/isomorphic-fetch-2.2.1.tgz",
      "integrity": "sha1-YRrhrPFPXoH3KVB0coGf6XM1WKk=",
      "requires": {
        "node-fetch": "^1.0.1",
        "whatwg-fetch": ">=0.10.0"
      }
    },
    "jquery": {
      "version": "3.5.1",
      "resolved": "https://registry.npmjs.org/jquery/-/jquery-3.5.1.tgz",
      "integrity": "sha512-XwIBPqcMn57FxfT+Go5pzySnm4KWkT1Tv7gjrpT1srtf8Weynl6R273VJ5GjkRb51IzMp5nbaPjJXMWeju2MKg=="
    },
    "json-schema-traverse": {
      "version": "0.4.1",
      "resolved": "https://registry.npmjs.org/json-schema-traverse/-/json-schema-traverse-0.4.1.tgz",
      "integrity": "sha512-xbbCH5dCYU5T8LcEhhuh7HJ88HXuW3qsI3Y0zOZFKfZEHcpWiHU/Jxzk629Brsab/mMiHQti9wMP+845RPe3Vg=="
    },
    "log-symbols": {
      "version": "4.0.0",
      "resolved": "https://registry.npmjs.org/log-symbols/-/log-symbols-4.0.0.tgz",
      "integrity": "sha512-FN8JBzLx6CzeMrB0tg6pqlGU1wCrXW+ZXGH481kfsBqer0hToTIiHdjH4Mq8xJUbvATujKCvaREGWpGUionraA==",
      "requires": {
        "chalk": "^4.0.0"
      }
    },
    "magic-string": {
      "version": "0.25.7",
      "resolved": "https://registry.npmjs.org/magic-string/-/magic-string-0.25.7.tgz",
      "integrity": "sha512-4CrMT5DOHTDk4HYDlzmwu4FVCcIYI8gauveasrdCu2IKIFOJ3f0v/8MDGJCDL9oD2ppz/Av1b0Nj345H9M+XIA==",
      "requires": {
        "sourcemap-codec": "^1.4.4"
      }
    },
    "mimic-fn": {
      "version": "2.1.0",
      "resolved": "https://registry.npmjs.org/mimic-fn/-/mimic-fn-2.1.0.tgz",
      "integrity": "sha512-OqbOk5oEQeAZ8WXWydlu9HJjz9WVdEIvamMCcXmuqUYjTknH/sqsWvhQ3vgwKFRR1HpjvNBKQ37nbJgYzGqGcg=="
    },
    "mute-stream": {
      "version": "0.0.8",
      "resolved": "https://registry.npmjs.org/mute-stream/-/mute-stream-0.0.8.tgz",
      "integrity": "sha512-nnbWWOkoWyUsTjKrhgD0dcz22mdkSnpYqbEjIm2nhwhuxlSkpywJmBo8h0ZqJdkp73mb90SssHkN4rsRaBAfAA=="
    },
    "node-fetch": {
      "version": "1.7.3",
      "resolved": "https://registry.npmjs.org/node-fetch/-/node-fetch-1.7.3.tgz",
      "integrity": "sha512-NhZ4CsKx7cYm2vSrBAr2PvFOe6sWDf0UYLRqA6svUYg7+/TSfVAu49jYC4BvQ4Sms9SZgdqGBgroqfDhJdTyKQ==",
      "requires": {
        "encoding": "^0.1.11",
        "is-stream": "^1.0.1"
      }
    },
    "onetime": {
      "version": "5.1.2",
      "resolved": "https://registry.npmjs.org/onetime/-/onetime-5.1.2.tgz",
      "integrity": "sha512-kbpaSSGJTWdAY5KPVeMOKXSrPtr8C8C7wodJbcsd51jRnmD+GZu8Y0VoU6Dm5Z4vWr0Ig/1NKuWRKf7j5aaYSg==",
      "requires": {
        "mimic-fn": "^2.1.0"
      }
    },
    "ora": {
      "version": "5.1.0",
      "resolved": "https://registry.npmjs.org/ora/-/ora-5.1.0.tgz",
      "integrity": "sha512-9tXIMPvjZ7hPTbk8DFq1f7Kow/HU/pQYB60JbNq+QnGwcyhWVZaQ4hM9zQDEsPxw/muLpgiHSaumUZxCAmod/w==",
      "requires": {
        "chalk": "^4.1.0",
        "cli-cursor": "^3.1.0",
        "cli-spinners": "^2.4.0",
        "is-interactive": "^1.0.0",
        "log-symbols": "^4.0.0",
        "mute-stream": "0.0.8",
        "strip-ansi": "^6.0.0",
        "wcwidth": "^1.0.1"
      }
    },
    "parse5": {
      "version": "5.1.1",
      "resolved": "https://registry.npmjs.org/parse5/-/parse5-5.1.1.tgz",
      "integrity": "sha512-ugq4DFI0Ptb+WWjAdOK16+u/nHfiIrcE+sh8kZMaM0WllQKLI9rOUq6c2b7cwPkXdzfQESqvoqK6ug7U/Yyzug==",
      "optional": true
    },
    "popper.js": {
      "version": "1.16.1",
      "resolved": "https://registry.npmjs.org/popper.js/-/popper.js-1.16.1.tgz",
      "integrity": "sha512-Wb4p1J4zyFTbM+u6WuO4XstYx4Ky9Cewe4DWrel7B0w6VVICvPwdOpotjzcf6eD8TsckVnIMNONQyPIUFOUbCQ=="
    },
    "punycode": {
      "version": "2.1.1",
      "resolved": "https://registry.npmjs.org/punycode/-/punycode-2.1.1.tgz",
      "integrity": "sha512-XRsRjdf+j5ml+y/6GKHPZbrF/8p2Yga0JPtdqTIY2Xe5ohJPD9saDJJLPvp9+NSBprVvevdXZybnj2cv8OEd0A=="
    },
    "restore-cursor": {
      "version": "3.1.0",
      "resolved": "https://registry.npmjs.org/restore-cursor/-/restore-cursor-3.1.0.tgz",
      "integrity": "sha512-l+sSefzHpj5qimhFSE5a8nufZYAM3sBSVMAPtYkmC+4EH2anSGaEMXSD0izRQbu9nfyQ9y5JrVmp7E8oZrUjvA==",
      "requires": {
        "onetime": "^5.1.0",
        "signal-exit": "^3.0.2"
      }
    },
    "rxjs": {
      "version": "6.5.5",
      "resolved": "https://registry.npmjs.org/rxjs/-/rxjs-6.5.5.tgz",
      "integrity": "sha512-WfQI+1gohdf0Dai/Bbmk5L5ItH5tYqm3ki2c5GdWhKjalzjg93N3avFjVStyZZz+A2Em+ZxKH5bNghw9UeylGQ==",
      "requires": {
        "tslib": "^1.9.0"
      },
      "dependencies": {
        "tslib": {
          "version": "1.14.1",
          "resolved": "https://registry.npmjs.org/tslib/-/tslib-1.14.1.tgz",
          "integrity": "sha512-Xni35NKzjgMrwevysHTCArtLDpPvye8zV/0E4EyYn43P7/7qvQwPh9BGkHewbMulVntbigmcT7rdX3BNo9wRJg=="
        }
      }
    },
    "safer-buffer": {
      "version": "2.1.2",
      "resolved": "https://registry.npmjs.org/safer-buffer/-/safer-buffer-2.1.2.tgz",
      "integrity": "sha512-YZo3K82SD7Riyi0E1EQPojLz7kpepnSQI9IyPbHHg1XXXevb5dJI7tpyN2ADxGcQbHG7vcyRHk0cbwqcQriUtg=="
    },
    "semantic-ui-css": {
      "version": "2.4.1",
      "resolved": "https://registry.npmjs.org/semantic-ui-css/-/semantic-ui-css-2.4.1.tgz",
      "integrity": "sha512-Pkp0p9oWOxlH0kODx7qFpIRYpK1T4WJOO4lNnpNPOoWKCrYsfHqYSKgk5fHfQtnWnsAKy7nLJMW02bgDWWFZFg==",
      "requires": {
        "jquery": "x.*"
      }
    },
    "signal-exit": {
      "version": "3.0.3",
      "resolved": "https://registry.npmjs.org/signal-exit/-/signal-exit-3.0.3.tgz",
      "integrity": "sha512-VUJ49FC8U1OxwZLxIbTTrDvLnf/6TDgxZcK8wxR8zs13xpx7xbG60ndBlhNrFi2EMuFRoeDoJO7wthSLq42EjA=="
    },
    "source-map": {
      "version": "0.7.3",
      "resolved": "https://registry.npmjs.org/source-map/-/source-map-0.7.3.tgz",
      "integrity": "sha512-CkCj6giN3S+n9qrYiBTX5gystlENnRW5jZeNLHpe6aue+SrHcG5VYwujhW9s4dY31mEGsxBDrHR6oI69fTXsaQ=="
    },
    "sourcemap-codec": {
      "version": "1.4.8",
      "resolved": "https://registry.npmjs.org/sourcemap-codec/-/sourcemap-codec-1.4.8.tgz",
      "integrity": "sha512-9NykojV5Uih4lgo5So5dtw+f0JgJX30KCNI8gwhz2J9A15wD0Ml6tjHKwf6fTSa6fAdVBdZeNOs9eJ71qCk8vA=="
    },
    "strip-ansi": {
      "version": "6.0.0",
      "resolved": "https://registry.npmjs.org/strip-ansi/-/strip-ansi-6.0.0.tgz",
      "integrity": "sha512-AuvKTrTfQNYNIctbR1K/YGTR1756GycPsg7b9bdV9Duqur4gv6aKqHXah67Z8ImS7WEz5QVcOtlfW2rZEugt6w==",
      "requires": {
        "ansi-regex": "^5.0.0"
      }
    },
    "supports-color": {
      "version": "7.2.0",
      "resolved": "https://registry.npmjs.org/supports-color/-/supports-color-7.2.0.tgz",
      "integrity": "sha512-qpCAvRl9stuOHveKsn7HncJRvv501qIacKzQlO/+Lwxc9+0q2wLyv4Dfvt80/DPn2pqOBsJdDiogXGR9+OvwRw==",
      "requires": {
        "has-flag": "^4.0.0"
      }
    },
    "tslib": {
      "version": "2.0.3",
      "resolved": "https://registry.npmjs.org/tslib/-/tslib-2.0.3.tgz",
      "integrity": "sha512-uZtkfKblCEQtZKBF6EBXVZeQNl82yqtDQdv+eck8u7tdPxjLu2/lp5/uPW+um2tpuxINHWy3GhiccY7QgEaVHQ=="
    },
    "uri-js": {
      "version": "4.4.0",
      "resolved": "https://registry.npmjs.org/uri-js/-/uri-js-4.4.0.tgz",
      "integrity": "sha512-B0yRTzYdUCCn9n+F4+Gh4yIDtMQcaJsmYBDsTSG8g/OejKBodLQ2IHfN3bM7jUsRXndopT7OIXWdYqc1fjmV6g==",
      "requires": {
        "punycode": "^2.1.0"
      }
    },
    "wcwidth": {
      "version": "1.0.1",
      "resolved": "https://registry.npmjs.org/wcwidth/-/wcwidth-1.0.1.tgz",
      "integrity": "sha1-8LDc+RW8X/FSivrbLA4XtTLaL+g=",
      "requires": {
        "defaults": "^1.0.3"
      }
    },
    "whatwg-fetch": {
      "version": "3.5.0",
      "resolved": "https://registry.npmjs.org/whatwg-fetch/-/whatwg-fetch-3.5.0.tgz",
      "integrity": "sha512-jXkLtsR42xhXg7akoDKvKWE40eJeI+2KZqcp2h3NsOrRnDvtWX36KcKl30dy+hxECivdk2BVUHVNrPtoMBUx6A=="
    },
    "zone.js": {
      "version": "0.10.3",
      "resolved": "https://registry.npmjs.org/zone.js/-/zone.js-0.10.3.tgz",
      "integrity": "sha512-LXVLVEq0NNOqK/fLJo3d0kfzd4sxwn2/h67/02pjCjfKDxgx1i9QqpvtHD8CrBnSSwMw5+dy11O7FRX5mkO7Cg=="
    }
  }
}
